
Microsoft Visual Studio Solution File, Format Version 11.00
# Visual Studio 2010
# SharpDevelop 5.1
Project("{FAE04EC0-301F-11D3-BF4B-00C04F79EFBC}") = "Cancion_2", "Cancion_2\Cancion_2.csproj", "{5C2B3297-ED6F-4AE1-9826-146E7044E8F0}"
EndProject
Global
	GlobalSection(SolutionConfigurationPlatforms) = preSolution
		Debug|Any CPU = Debug|Any CPU
		Release|Any CPU = Release|Any CPU
	EndGlobalSection
	GlobalSection(ProjectConfigurationPlatforms) = postSolution
		{5C2B3297-ED6F-4AE1-9826-146E7044E8F0}.Debug|Any CPU.ActiveCfg = Debug|Any CPU
		{5C2B3297-ED6F-4AE1-9826-146E7044E8F0}.Debug|Any CPU.Build.0 = Debug|Any CPU
		{5C2B3297-ED6F-4AE1-9826-146E7044E8F0}.Release|Any CPU.ActiveCfg = Release|Any CPU
		{5C2B3297-ED6F-4AE1-9826-146E7044E8F0}.Release|Any CPU.Build.0 = Release|Any CPU
	EndGlobalSection
EndGlobal
